
Microsoft Visual Studio Solution File, Format Version 12.00
# Visual Studio Version 16
VisualStudioVersion = 16.0.29123.88
MinimumVisualStudioVersion = 10.0.40219.1
Project("{FAE04EC0-301F-11D3-BF4B-00C04F79EFBC}") = "aula02", "aula02\aula02.csproj", "{D941E9AD-4702-4038-B35F-1CFB7FCB67A3}"
EndProject
Global
	GlobalSection(SolutionConfigurationPlatforms) = preSolution
		Debug|Any CPU = Debug|Any CPU
		Release|Any CPU = Release|Any CPU
	EndGlobalSection
	GlobalSection(ProjectConfigurationPlatforms) = postSolution
		{D941E9AD-4702-4038-B35F-1CFB7FCB67A3}.Debug|Any CPU.ActiveCfg = Debug|Any CPU
		{D941E9AD-4702-4038-B35F-1CFB7FCB67A3}.Debug|Any CPU.Build.0 = Debug|Any CPU
		{D941E9AD-4702-4038-B35F-1CFB7FCB67A3}.Release|Any CPU.ActiveCfg = Release|Any CPU
		{D941E9AD-4702-4038-B35F-1CFB7FCB67A3}.Release|Any CPU.Build.0 = Release|Any CPU
	EndGlobalSection
	GlobalSection(SolutionProperties) = preSolution
		HideSolutionNode = FALSE
	EndGlobalSection
	GlobalSection(ExtensibilityGlobals) = postSolution
		SolutionGuid = {1368FDF7-DFBF-43E6-8C42-4E57E47D3561}
	EndGlobalSection
EndGlobal
